<?xml version="1.0" encoding="utf-8"?>
<Project ToolsVersion="4.0" xmlns="http://schemas.microsoft.com/developer/msbuild/2003">
  <ItemGroup>
    <Filter Include="Sound">
      <UniqueIdentifier>{40e0d1a6-e032-4471-8e9f-1610658d2b96}</UniqueIdentifier>
    </Filter>
    <Filter Include="Rendering">
      <UniqueIdentifier>{b495c663-6359-48a1-b1dd-88e4d1672e35}</UniqueIdentifier>
    </Filter>
    <Filter Include="Rendering\OpenGL">
      <UniqueIdentifier>{1cd77890-43eb-44e4-86ca-8ab00b0f31f3}</UniqueIdentifier>
    </Filter>
    <Filter Include="Game">
      <UniqueIdentifier>{8a038e08-d512-4e0d-94c1-3e19a9a5553b}</UniqueIdentifier>
    </Filter>
    <Filter Include="Boundings">
      <UniqueIdentifier>{dc86d0f8-c4ff-4e8c-9346-ef097b8ba960}</UniqueIdentifier>
    </Filter>
    <Filter Include="Math">
      <UniqueIdentifier>{6f507385-e0e5-41ae-a889-344be206e25b}</UniqueIdentifier>
    </Filter>
    <Filter Include="System">
      <UniqueIdentifier>{3cefaf2c-7b0e-4acb-a2aa-1e6e0e007947}</UniqueIdentifier>
    </Filter>
    <Filter Include="Shaders">
      <UniqueIdentifier>{7f388141-533c-4c9b-8c33-3b2e3394d14b}</UniqueIdentifier>
    </Filter>
    <Filter Include="Model">
      <UniqueIdentifier>{7b31b90c-a8a0-47e9-a6c9-92948f329039}</UniqueIdentifier>
    </Filter>
  </ItemGroup>
  <ItemGroup>
    <ClCompile Include="Boundings\AABB.cpp">
      <Filter>Boundings</Filter>
    </ClCompile>
    <ClCompile Include="Boundings\Frustum.cpp">
      <Filter>Boundings</Filter>
    </ClCompile>
    <ClCompile Include="Math\Math.cpp">
      <Filter>Math</Filter>
    </ClCompile>
    <ClCompile Include="Math\Matrix.cpp">
      <Filter>Math</Filter>
    </ClCompile>
    <ClCompile Include="Math\Plane.cpp">
      <Filter>Math</Filter>
    </ClCompile>
    <ClCompile Include="Math\Quaternion.cpp">
      <Filter>Math</Filter>
    </ClCompile>
    <ClCompile Include="Rendering\Texture.cpp">
      <Filter>Rendering</Filter>
    </ClCompile>
    <ClCompile Include="Rendering\OpenGL\GLexp.cpp">
      <Filter>Rendering\OpenGL</Filter>
    </ClCompile>
    <ClCompile Include="Application.cpp" />
    <ClCompile Include="Main.cpp" />
    <ClCompile Include="game\Menu.cpp">
      <Filter>Game</Filter>
    </ClCompile>
    <ClCompile Include="game\Player.cpp">
      <Filter>Game</Filter>
    </ClCompile>
    <ClCompile Include="game\GameLocal.cpp">
      <Filter>Game</Filter>
    </ClCompile>
    <ClCompile Include="Rendering\Font.cpp">
      <Filter>Rendering</Filter>
    </ClCompile>
    <ClCompile Include="Rendering\Shader.cpp">
      <Filter>Rendering</Filter>
    </ClCompile>
    <ClCompile Include="Game\Water.cpp">
      <Filter>Game</Filter>
    </ClCompile>
    <ClCompile Include="Game\World.cpp">
      <Filter>Game</Filter>
    </ClCompile>
    <ClCompile Include="Rendering\Renderer.cpp">
      <Filter>Rendering</Filter>
    </ClCompile>
    <ClCompile Include="Game\WorldGenerator.cpp">
      <Filter>Game</Filter>
    </ClCompile>
    <ClCompile Include="Game\Model\ModelManager.cpp">
      <Filter>Model</Filter>
    </ClCompile>
    <ClCompile Include="Game\Model\Material.cpp">
      <Filter>Model</Filter>
    </ClCompile>
    <ClCompile Include="Game\Model\MD5.cpp">
      <Filter>Model</Filter>
    </ClCompile>
  </ItemGroup>
  <ItemGroup>
    <ClInclude Include="Boundings\AABB.h">
      <Filter>Boundings</Filter>
    </ClInclude>
    <ClInclude Include="Boundings\Frustum.h">
      <Filter>Boundings</Filter>
    </ClInclude>
    <ClInclude Include="Math\Math.h">
      <Filter>Math</Filter>
    </ClInclude>
    <ClInclude Include="Math\Matrix.h">
      <Filter>Math</Filter>
    </ClInclude>
    <ClInclude Include="Math\Plane.h">
      <Filter>Math</Filter>
    </ClInclude>
    <ClInclude Include="Math\Quaternion.h">
      <Filter>Math</Filter>
    </ClInclude>
    <ClInclude Include="Math\Vector.h">
      <Filter>Math</Filter>
    </ClInclude>
    <ClInclude Include="Rendering\Colors.h">
      <Filter>Rendering</Filter>
    </ClInclude>
    <ClInclude Include="Rendering\Texture.h">
      <Filter>Rendering</Filter>
    </ClInclude>
    <ClInclude Include="Rendering\OpenGL\GL.h">
      <Filter>Rendering\OpenGL</Filter>
    </ClInclude>
    <ClInclude Include="Rendering\OpenGL\GL3.h">
      <Filter>Rendering\OpenGL</Filter>
    </ClInclude>
    <ClInclude Include="Rendering\OpenGL\GLexp.h">
      <Filter>Rendering\OpenGL</Filter>
    </ClInclude>
    <ClInclude Include="Rendering\OpenGL\GLext.h">
      <Filter>Rendering\OpenGL</Filter>
    </ClInclude>
    <ClInclude Include="Rendering\OpenGL\WGLext.h">
      <Filter>Rendering\OpenGL</Filter>
    </ClInclude>
    <ClInclude Include="Sound\fmod.h">
      <Filter>Sound</Filter>
    </ClInclude>
    <ClInclude Include="Sound\fmod.hpp">
      <Filter>Sound</Filter>
    </ClInclude>
    <ClInclude Include="Sound\fmod_codec.h">
      <Filter>Sound</Filter>
    </ClInclude>
    <ClInclude Include="Sound\fmod_dsp.h">
      <Filter>Sound</Filter>
    </ClInclude>
    <ClInclude Include="Sound\fmod_errors.h">
      <Filter>Sound</Filter>
    </ClInclude>
    <ClInclude Include="Sound\fmod_memoryinfo.h">
      <Filter>Sound</Filter>
    </ClInclude>
    <ClInclude Include="Sound\fmod_output.h">
      <Filter>Sound</Filter>
    </ClInclude>
    <ClInclude Include="Application.h" />
    <ClInclude Include="System\System.h">
      <Filter>System</Filter>
    </ClInclude>
    <ClInclude Include="game\Menu.h">
      <Filter>Game</Filter>
    </ClInclude>
    <ClInclude Include="game\Player.h">
      <Filter>Game</Filter>
    </ClInclude>
    <ClInclude Include="game\GameLocal.h">
      <Filter>Game</Filter>
    </ClInclude>
    <ClInclude Include="system\Entity.h">
      <Filter>System</Filter>
    </ClInclude>
    <ClInclude Include="Rendering\Font.h">
      <Filter>Rendering</Filter>
    </ClInclude>
    <ClInclude Include="Rendering\Shader.h">
      <Filter>Rendering</Filter>
    </ClInclude>
    <ClInclude Include="System\Logger.h">
      <Filter>System</Filter>
    </ClInclude>
    <ClInclude Include="Game\Water.h">
      <Filter>Game</Filter>
    </ClInclude>
    <ClInclude Include="System\List.h">
      <Filter>System</Filter>
    </ClInclude>
    <ClInclude Include="Game\World.h">
      <Filter>Game</Filter>
    </ClInclude>
    <ClInclude Include="Game\Chunk.h">
      <Filter>Game</Filter>
    </ClInclude>
    <ClInclude Include="Rendering\Renderer.h">
      <Filter>Rendering</Filter>
    </ClInclude>
    <ClInclude Include="Game\WorldGenerator.h">
      <Filter>Game</Filter>
    </ClInclude>
    <ClInclude Include="Game\Model\ModelManager.h">
      <Filter>Model</Filter>
    </ClInclude>
    <ClInclude Include="Game\Model\MD5.h">
      <Filter>Model</Filter>
    </ClInclude>
    <ClInclude Include="Game\Model\Material.h">
      <Filter>Model</Filter>
    </ClInclude>
  </ItemGroup>
  <ItemGroup>
    <Library Include="Sound\fmodex_vc.lib">
      <Filter>Sound</Filter>
    </Library>
  </ItemGroup>
  <ItemGroup>
    <None Include="..\bin\data\shaders\default.txt">
      <Filter>Shaders</Filter>
    </None>
    <None Include="..\bin\data\shaders\water1.txt">
      <Filter>Shaders</Filter>
    </None>
    <None Include="..\bin\data\shaders\passthru.txt">
      <Filter>Shaders</Filter>
    </None>
    <None Include="..\bin\data\shaders\water2.txt">
      <Filter>Shaders</Filter>
    </None>
    <None Include="..\bin\data\shaders\displace.txt">
      <Filter>Shaders</Filter>
    </None>
  </ItemGroup>
</Project>